// !$*UTF8*$!
{
	archiveVersion = 1;
	classes = {
	};
	objectVersion = 52;
	objects = {

/* Begin PBXBuildFile section */
		EF110CDE24EAC6E4004D869E /* PageManager.swift in Sources */ = {isa = PBXBuildFile; fileRef = EF110CDD24EAC6E4004D869E /* PageManager.swift */; };
		EF1FFF5624EAB88700B574DE /* MapView.swift in Sources */ = {isa = PBXBuildFile; fileRef = EF1FFF5524EAB88700B574DE /* MapView.swift */; };
		EF1FFF5824EABE2300B574DE /* AudioPlayerView.swift in Sources */ = {isa = PBXBuildFile; fileRef = EF1FFF5724EABE2300B574DE /* AudioPlayerView.swift */; };
		EF1FFF5A24EABE3400B574DE /* SettingsView.swift in Sources */ = {isa = PBXBuildFile; fileRef = EF1FFF5924EABE3400B574DE /* SettingsView.swift */; };
		EF44585F24E28E8100096D3A /* AppWKSessionClient.swift in Sources */ = {isa = PBXBuildFile; fileRef = EF44585E24E28E8100096D3A /* AppWKSessionClient.swift */; };
		EF44586024E2913D00096D3A /* WKARWatchDebug Extension.appex in Embed App Extensions */ = {isa = PBXBuildFile; fileRef = EF51B29724E278FF00EC9149 /* WKARWatchDebug Extension.appex */; settings = {ATTRIBUTES = (RemoveHeadersOnCopy, ); }; };
		EF51B28F24E278FD00EC9149 /* Interface.storyboard in Resources */ = {isa = PBXBuildFile; fileRef = EF51B28D24E278FD00EC9149 /* Interface.storyboard */; };
		EF51B29124E278FF00EC9149 /* Assets.xcassets in Resources */ = {isa = PBXBuildFile; fileRef = EF51B29024E278FF00EC9149 /* Assets.xcassets */; };
		EF51B29D24E278FF00EC9149 /* ContentView.swift in Sources */ = {isa = PBXBuildFile; fileRef = EF51B29C24E278FF00EC9149 /* ContentView.swift */; };
		EF51B29F24E278FF00EC9149 /* HostingController.swift in Sources */ = {isa = PBXBuildFile; fileRef = EF51B29E24E278FF00EC9149 /* HostingController.swift */; };
		EF51B2A124E278FF00EC9149 /* ExtensionDelegate.swift in Sources */ = {isa = PBXBuildFile; fileRef = EF51B2A024E278FF00EC9149 /* ExtensionDelegate.swift */; };
		EF51B2A324E278FF00EC9149 /* NotificationController.swift in Sources */ = {isa = PBXBuildFile; fileRef = EF51B2A224E278FF00EC9149 /* NotificationController.swift */; };
		EF51B2A524E278FF00EC9149 /* NotificationView.swift in Sources */ = {isa = PBXBuildFile; fileRef = EF51B2A424E278FF00EC9149 /* NotificationView.swift */; };
		EF51B2A724E2790000EC9149 /* Assets.xcassets in Resources */ = {isa = PBXBuildFile; fileRef = EF51B2A624E2790000EC9149 /* Assets.xcassets */; };
		EF51B2AA24E2790000EC9149 /* Preview Assets.xcassets in Resources */ = {isa = PBXBuildFile; fileRef = EF51B2A924E2790000EC9149 /* Preview Assets.xcassets */; };
		EF51B2AF24E2790000EC9149 /* WKARWatchDebug.app in Embed Watch Content */ = {isa = PBXBuildFile; fileRef = EF51B28B24E278FD00EC9149 /* WKARWatchDebug.app */; settings = {ATTRIBUTES = (RemoveHeadersOnCopy, ); }; };
		EF51B2BA24E2799200EC9149 /* ComposableArchitecture in Frameworks */ = {isa = PBXBuildFile; productRef = EF51B2B924E2799200EC9149 /* ComposableArchitecture */; };
		EF76BB6A24EAEBC0007C61E2 /* MapKit.framework in Frameworks */ = {isa = PBXBuildFile; fileRef = EF76BB6924EAEBC0007C61E2 /* MapKit.framework */; };
		EF76BB6C24EAEBDA007C61E2 /* MapKit.framework in Frameworks */ = {isa = PBXBuildFile; fileRef = EF76BB6B24EAEBDA007C61E2 /* MapKit.framework */; };
		EF9C35F624DF2F0000DC567D /* AppDelegate.swift in Sources */ = {isa = PBXBuildFile; fileRef = EF9C35F524DF2F0000DC567D /* AppDelegate.swift */; };
		EF9C35F824DF2F0000DC567D /* SceneDelegate.swift in Sources */ = {isa = PBXBuildFile; fileRef = EF9C35F724DF2F0000DC567D /* SceneDelegate.swift */; };
		EF9C35FA24DF2F0000DC567D /* ContentView.swift in Sources */ = {isa = PBXBuildFile; fileRef = EF9C35F924DF2F0000DC567D /* ContentView.swift */; };
		EF9C35FC24DF2F0300DC567D /* Assets.xcassets in Resources */ = {isa = PBXBuildFile; fileRef = EF9C35FB24DF2F0300DC567D /* Assets.xcassets */; };
		EF9C35FF24DF2F0300DC567D /* Preview Assets.xcassets in Resources */ = {isa = PBXBuildFile; fileRef = EF9C35FE24DF2F0300DC567D /* Preview Assets.xcassets */; };
		EF9C360224DF2F0300DC567D /* LaunchScreen.storyboard in Resources */ = {isa = PBXBuildFile; fileRef = EF9C360024DF2F0300DC567D /* LaunchScreen.storyboard */; };
		EFD07A6824EAB45E00F00406 /* MapView.swift in Sources */ = {isa = PBXBuildFile; fileRef = EFD07A6724EAB45E00F00406 /* MapView.swift */; };
		EFD07A6A24EAB46E00F00406 /* SettingsView.swift in Sources */ = {isa = PBXBuildFile; fileRef = EFD07A6924EAB46E00F00406 /* SettingsView.swift */; };
		EFD07A6C24EAB48300F00406 /* AudioPlayerView.swift in Sources */ = {isa = PBXBuildFile; fileRef = EFD07A6B24EAB48300F00406 /* AudioPlayerView.swift */; };
		EFD877ED24E27F0D006AAB55 /* ComposableArchitecture in Frameworks */ = {isa = PBXBuildFile; productRef = EFD877EC24E27F0D006AAB55 /* ComposableArchitecture */; };
		EFD877FF24E2830C006AAB55 /* WKSessionClient.swift in Sources */ = {isa = PBXBuildFile; fileRef = EFD877FE24E2830C006AAB55 /* WKSessionClient.swift */; };
		EFEF72FC24ED229500B7B819 /* MainMenuCore.swift in Sources */ = {isa = PBXBuildFile; fileRef = EFD877F924E2829B006AAB55 /* MainMenuCore.swift */; };
		EFEF72FD24ED229600B7B819 /* MainMenuCore.swift in Sources */ = {isa = PBXBuildFile; fileRef = EFD877F924E2829B006AAB55 /* MainMenuCore.swift */; };
		EFEF72FE24ED229800B7B819 /* ContentCore.swift in Sources */ = {isa = PBXBuildFile; fileRef = EF54A9D324E302A800A60E2C /* ContentCore.swift */; };
		EFEF72FF24ED229800B7B819 /* ContentCore.swift in Sources */ = {isa = PBXBuildFile; fileRef = EF54A9D324E302A800A60E2C /* ContentCore.swift */; };
		EFEF730024ED229B00B7B819 /* MapCore.swift in Sources */ = {isa = PBXBuildFile; fileRef = EF191C3224EBDB6E00A67EF8 /* MapCore.swift */; };
		EFEF730124ED229C00B7B819 /* MapCore.swift in Sources */ = {isa = PBXBuildFile; fileRef = EF191C3224EBDB6E00A67EF8 /* MapCore.swift */; };
		EFEF730224ED229E00B7B819 /* SharedCoreActions.swift in Sources */ = {isa = PBXBuildFile; fileRef = EFF2466E248E47A300BC5B0B /* SharedCoreActions.swift */; };
		EFEF730324ED229E00B7B819 /* SharedCoreActions.swift in Sources */ = {isa = PBXBuildFile; fileRef = EFF2466E248E47A300BC5B0B /* SharedCoreActions.swift */; };
		EFEF730424ED22A000B7B819 /* TimeTravel.swift in Sources */ = {isa = PBXBuildFile; fileRef = EFEA827D24DF1AFA00E7C162 /* TimeTravel.swift */; };
		EFEF730524ED22A100B7B819 /* TimeTravel.swift in Sources */ = {isa = PBXBuildFile; fileRef = EFEA827D24DF1AFA00E7C162 /* TimeTravel.swift */; };
		EFEF730624ED22A300B7B819 /* AtomicInteger.swift in Sources */ = {isa = PBXBuildFile; fileRef = EF54A9CD24E2C7F900A60E2C /* AtomicInteger.swift */; };
		EFEF730724ED22A400B7B819 /* AtomicInteger.swift in Sources */ = {isa = PBXBuildFile; fileRef = EF54A9CD24E2C7F900A60E2C /* AtomicInteger.swift */; };
		EFEF730824ED22A600B7B819 /* Mapper.swift in Sources */ = {isa = PBXBuildFile; fileRef = EFEF72D724ED1E6000B7B819 /* Mapper.swift */; };
		EFEF730924ED22A700B7B819 /* Mapper.swift in Sources */ = {isa = PBXBuildFile; fileRef = EFEF72D724ED1E6000B7B819 /* Mapper.swift */; };
		EFEF730B24ED23B600B7B819 /* TimeTravelView.swift in Sources */ = {isa = PBXBuildFile; fileRef = EFEF730A24ED23B600B7B819 /* TimeTravelView.swift */; };
		EFEF730D24ED23F000B7B819 /* TimeTravelView.swift in Sources */ = {isa = PBXBuildFile; fileRef = EFEF730C24ED23F000B7B819 /* TimeTravelView.swift */; };
		EFEF730E24ED24C700B7B819 /* WKSessionClient.swift in Sources */ = {isa = PBXBuildFile; fileRef = EFD877FE24E2830C006AAB55 /* WKSessionClient.swift */; };
/* End PBXBuildFile section */

/* Begin PBXContainerItemProxy section */
		EF44586124E2913D00096D3A /* PBXContainerItemProxy */ = {
			isa = PBXContainerItemProxy;
			containerPortal = EFD443C6248683290037CC73 /* Project object */;
			proxyType = 1;
			remoteGlobalIDString = EF51B29624E278FF00EC9149;
			remoteInfo = "WKARWatchDebug Extension";
		};
		EFD877EE24E27F1F006AAB55 /* PBXContainerItemProxy */ = {
			isa = PBXContainerItemProxy;
			containerPortal = EFD443C6248683290037CC73 /* Project object */;
			proxyType = 1;
			remoteGlobalIDString = EF51B28A24E278FD00EC9149;
			remoteInfo = WKARWatchDebug;
		};
/* End PBXContainerItemProxy section */

/* Begin PBXCopyFilesBuildPhase section */
		EF44586324E2913D00096D3A /* Embed App Extensions */ = {
			isa = PBXCopyFilesBuildPhase;
			buildActionMask = 2147483647;
			dstPath = "";
			dstSubfolderSpec = 13;
			files = (
				EF44586024E2913D00096D3A /* WKARWatchDebug Extension.appex in Embed App Extensions */,
			);
			name = "Embed App Extensions";
			runOnlyForDeploymentPostprocessing = 0;
		};
		EF9C361424DF324B00DC567D /* Embed Watch Content */ = {
			isa = PBXCopyFilesBuildPhase;
			buildActionMask = 2147483647;
			dstPath = "$(CONTENTS_FOLDER_PATH)/Watch";
			dstSubfolderSpec = 16;
			files = (
				EF51B2AF24E2790000EC9149 /* WKARWatchDebug.app in Embed Watch Content */,
			);
			name = "Embed Watch Content";
			runOnlyForDeploymentPostprocessing = 0;
		};
		EFEF72EF24ED219700B7B819 /* Embed Frameworks */ = {
			isa = PBXCopyFilesBuildPhase;
			buildActionMask = 2147483647;
			dstPath = "";
			dstSubfolderSpec = 10;
			files = (
			);
			name = "Embed Frameworks";
			runOnlyForDeploymentPostprocessing = 0;
		};
		EFEF72F424ED21EA00B7B819 /* Embed Frameworks */ = {
			isa = PBXCopyFilesBuildPhase;
			buildActionMask = 2147483647;
			dstPath = "";
			dstSubfolderSpec = 10;
			files = (
			);
			name = "Embed Frameworks";
			runOnlyForDeploymentPostprocessing = 0;
		};
/* End PBXCopyFilesBuildPhase section */

/* Begin PBXFileReference section */
		EF08167A24B48F2300A738B7 /* example.swift */ = {isa = PBXFileReference; lastKnownFileType = sourcecode.swift; path = example.swift; sourceTree = "<group>"; };
		EF110CDD24EAC6E4004D869E /* PageManager.swift */ = {isa = PBXFileReference; lastKnownFileType = sourcecode.swift; path = PageManager.swift; sourceTree = "<group>"; };
		EF191C3224EBDB6E00A67EF8 /* MapCore.swift */ = {isa = PBXFileReference; lastKnownFileType = sourcecode.swift; path = MapCore.swift; sourceTree = "<group>"; };
		EF1FFF5524EAB88700B574DE /* MapView.swift */ = {isa = PBXFileReference; lastKnownFileType = sourcecode.swift; path = MapView.swift; sourceTree = "<group>"; };
		EF1FFF5724EABE2300B574DE /* AudioPlayerView.swift */ = {isa = PBXFileReference; lastKnownFileType = sourcecode.swift; path = AudioPlayerView.swift; sourceTree = "<group>"; };
		EF1FFF5924EABE3400B574DE /* SettingsView.swift */ = {isa = PBXFileReference; lastKnownFileType = sourcecode.swift; path = SettingsView.swift; sourceTree = "<group>"; };
		EF44585E24E28E8100096D3A /* AppWKSessionClient.swift */ = {isa = PBXFileReference; lastKnownFileType = sourcecode.swift; path = AppWKSessionClient.swift; sourceTree = "<group>"; };
		EF51B28B24E278FD00EC9149 /* WKARWatchDebug.app */ = {isa = PBXFileReference; explicitFileType = wrapper.application; includeInIndex = 0; path = WKARWatchDebug.app; sourceTree = BUILT_PRODUCTS_DIR; };
		EF51B28E24E278FD00EC9149 /* Base */ = {isa = PBXFileReference; lastKnownFileType = file.storyboard; name = Base; path = Base.lproj/Interface.storyboard; sourceTree = "<group>"; };
		EF51B29024E278FF00EC9149 /* Assets.xcassets */ = {isa = PBXFileReference; lastKnownFileType = folder.assetcatalog; path = Assets.xcassets; sourceTree = "<group>"; };
		EF51B29224E278FF00EC9149 /* Info.plist */ = {isa = PBXFileReference; lastKnownFileType = text.plist.xml; path = Info.plist; sourceTree = "<group>"; };
		EF51B29724E278FF00EC9149 /* WKARWatchDebug Extension.appex */ = {isa = PBXFileReference; explicitFileType = "wrapper.app-extension"; includeInIndex = 0; path = "WKARWatchDebug Extension.appex"; sourceTree = BUILT_PRODUCTS_DIR; };
		EF51B29C24E278FF00EC9149 /* ContentView.swift */ = {isa = PBXFileReference; lastKnownFileType = sourcecode.swift; path = ContentView.swift; sourceTree = "<group>"; };
		EF51B29E24E278FF00EC9149 /* HostingController.swift */ = {isa = PBXFileReference; lastKnownFileType = sourcecode.swift; path = HostingController.swift; sourceTree = "<group>"; };
		EF51B2A024E278FF00EC9149 /* ExtensionDelegate.swift */ = {isa = PBXFileReference; lastKnownFileType = sourcecode.swift; path = ExtensionDelegate.swift; sourceTree = "<group>"; };
		EF51B2A224E278FF00EC9149 /* NotificationController.swift */ = {isa = PBXFileReference; lastKnownFileType = sourcecode.swift; path = NotificationController.swift; sourceTree = "<group>"; };
		EF51B2A424E278FF00EC9149 /* NotificationView.swift */ = {isa = PBXFileReference; lastKnownFileType = sourcecode.swift; path = NotificationView.swift; sourceTree = "<group>"; };
		EF51B2A624E2790000EC9149 /* Assets.xcassets */ = {isa = PBXFileReference; lastKnownFileType = folder.assetcatalog; path = Assets.xcassets; sourceTree = "<group>"; };
		EF51B2A924E2790000EC9149 /* Preview Assets.xcassets */ = {isa = PBXFileReference; lastKnownFileType = folder.assetcatalog; path = "Preview Assets.xcassets"; sourceTree = "<group>"; };
		EF51B2AB24E2790000EC9149 /* Info.plist */ = {isa = PBXFileReference; lastKnownFileType = text.plist.xml; path = Info.plist; sourceTree = "<group>"; };
		EF51B2AC24E2790000EC9149 /* PushNotificationPayload.apns */ = {isa = PBXFileReference; lastKnownFileType = text; path = PushNotificationPayload.apns; sourceTree = "<group>"; };
		EF51B2B724E2795400EC9149 /* WKARWatchDebug.entitlements */ = {isa = PBXFileReference; lastKnownFileType = text.plist.entitlements; path = WKARWatchDebug.entitlements; sourceTree = "<group>"; };
		EF51B2B824E2795C00EC9149 /* WKARWatchDebug Extension.entitlements */ = {isa = PBXFileReference; lastKnownFileType = text.plist.entitlements; path = "WKARWatchDebug Extension.entitlements"; sourceTree = "<group>"; };
		EF54A9CD24E2C7F900A60E2C /* AtomicInteger.swift */ = {isa = PBXFileReference; lastKnownFileType = sourcecode.swift; path = AtomicInteger.swift; sourceTree = "<group>"; };
		EF54A9D324E302A800A60E2C /* ContentCore.swift */ = {isa = PBXFileReference; lastKnownFileType = sourcecode.swift; path = ContentCore.swift; sourceTree = "<group>"; };
		EF76BB6924EAEBC0007C61E2 /* MapKit.framework */ = {isa = PBXFileReference; lastKnownFileType = wrapper.framework; name = MapKit.framework; path = Platforms/WatchOS.platform/Developer/SDKs/WatchOS6.2.sdk/System/Library/Frameworks/MapKit.framework; sourceTree = DEVELOPER_DIR; };
		EF76BB6B24EAEBDA007C61E2 /* MapKit.framework */ = {isa = PBXFileReference; lastKnownFileType = wrapper.framework; name = MapKit.framework; path = System/Library/Frameworks/MapKit.framework; sourceTree = SDKROOT; };
		EF9C35F324DF2F0000DC567D /* ARWatchDebug.app */ = {isa = PBXFileReference; explicitFileType = wrapper.application; includeInIndex = 0; path = ARWatchDebug.app; sourceTree = BUILT_PRODUCTS_DIR; };
		EF9C35F524DF2F0000DC567D /* AppDelegate.swift */ = {isa = PBXFileReference; lastKnownFileType = sourcecode.swift; path = AppDelegate.swift; sourceTree = "<group>"; };
		EF9C35F724DF2F0000DC567D /* SceneDelegate.swift */ = {isa = PBXFileReference; lastKnownFileType = sourcecode.swift; path = SceneDelegate.swift; sourceTree = "<group>"; };
		EF9C35F924DF2F0000DC567D /* ContentView.swift */ = {isa = PBXFileReference; lastKnownFileType = sourcecode.swift; path = ContentView.swift; sourceTree = "<group>"; };
		EF9C35FB24DF2F0300DC567D /* Assets.xcassets */ = {isa = PBXFileReference; lastKnownFileType = folder.assetcatalog; path = Assets.xcassets; sourceTree = "<group>"; };
		EF9C35FE24DF2F0300DC567D /* Preview Assets.xcassets */ = {isa = PBXFileReference; lastKnownFileType = folder.assetcatalog; path = "Preview Assets.xcassets"; sourceTree = "<group>"; };
		EF9C360124DF2F0300DC567D /* Base */ = {isa = PBXFileReference; lastKnownFileType = file.storyboard; name = Base; path = Base.lproj/LaunchScreen.storyboard; sourceTree = "<group>"; };
		EF9C360324DF2F0300DC567D /* Info.plist */ = {isa = PBXFileReference; lastKnownFileType = text.plist.xml; path = Info.plist; sourceTree = "<group>"; };
		EF9C360724DF2F4400DC567D /* ARWatchDebug.entitlements */ = {isa = PBXFileReference; lastKnownFileType = text.plist.entitlements; path = ARWatchDebug.entitlements; sourceTree = "<group>"; };
		EFD07A6724EAB45E00F00406 /* MapView.swift */ = {isa = PBXFileReference; lastKnownFileType = sourcecode.swift; path = MapView.swift; sourceTree = "<group>"; };
		EFD07A6924EAB46E00F00406 /* SettingsView.swift */ = {isa = PBXFileReference; lastKnownFileType = sourcecode.swift; path = SettingsView.swift; sourceTree = "<group>"; };
		EFD07A6B24EAB48300F00406 /* AudioPlayerView.swift */ = {isa = PBXFileReference; lastKnownFileType = sourcecode.swift; path = AudioPlayerView.swift; sourceTree = "<group>"; };
		EFD4AB7624E3F033004C4249 /* simple_example.swift */ = {isa = PBXFileReference; lastKnownFileType = sourcecode.swift; path = simple_example.swift; sourceTree = "<group>"; };
		EFD877F924E2829B006AAB55 /* MainMenuCore.swift */ = {isa = PBXFileReference; fileEncoding = 4; lastKnownFileType = sourcecode.swift; path = MainMenuCore.swift; sourceTree = "<group>"; };
		EFD877FE24E2830C006AAB55 /* WKSessionClient.swift */ = {isa = PBXFileReference; fileEncoding = 4; lastKnownFileType = sourcecode.swift; path = WKSessionClient.swift; sourceTree = "<group>"; };
		EFEA827D24DF1AFA00E7C162 /* TimeTravel.swift */ = {isa = PBXFileReference; lastKnownFileType = sourcecode.swift; path = TimeTravel.swift; sourceTree = "<group>"; };
		EFEF72D724ED1E6000B7B819 /* Mapper.swift */ = {isa = PBXFileReference; lastKnownFileType = sourcecode.swift; path = Mapper.swift; sourceTree = "<group>"; };
		EFEF730A24ED23B600B7B819 /* TimeTravelView.swift */ = {isa = PBXFileReference; lastKnownFileType = sourcecode.swift; path = TimeTravelView.swift; sourceTree = "<group>"; };
		EFEF730C24ED23F000B7B819 /* TimeTravelView.swift */ = {isa = PBXFileReference; lastKnownFileType = sourcecode.swift; path = TimeTravelView.swift; sourceTree = "<group>"; };
		EFF2466E248E47A300BC5B0B /* SharedCoreActions.swift */ = {isa = PBXFileReference; lastKnownFileType = sourcecode.swift; path = SharedCoreActions.swift; sourceTree = "<group>"; };
/* End PBXFileReference section */

/* Begin PBXFrameworksBuildPhase section */
		EF51B29424E278FF00EC9149 /* Frameworks */ = {
			isa = PBXFrameworksBuildPhase;
			buildActionMask = 2147483647;
			files = (
				EF76BB6A24EAEBC0007C61E2 /* MapKit.framework in Frameworks */,
				EF51B2BA24E2799200EC9149 /* ComposableArchitecture in Frameworks */,
			);
			runOnlyForDeploymentPostprocessing = 0;
		};
		EF9C35F024DF2F0000DC567D /* Frameworks */ = {
			isa = PBXFrameworksBuildPhase;
			buildActionMask = 2147483647;
			files = (
				EF76BB6C24EAEBDA007C61E2 /* MapKit.framework in Frameworks */,
				EFD877ED24E27F0D006AAB55 /* ComposableArchitecture in Frameworks */,
			);
			runOnlyForDeploymentPostprocessing = 0;
		};
/* End PBXFrameworksBuildPhase section */

/* Begin PBXGroup section */
		EF08167924B48F0800A738B7 /* Thesis */ = {
			isa = PBXGroup;
			children = (
				EF08167A24B48F2300A738B7 /* example.swift */,
				EFD4AB7624E3F033004C4249 /* simple_example.swift */,
			);
			path = Thesis;
			sourceTree = "<group>";
		};
		EF44585D24E28E6200096D3A /* Clients */ = {
			isa = PBXGroup;
			children = (
				EF44585E24E28E8100096D3A /* AppWKSessionClient.swift */,
			);
			path = Clients;
			sourceTree = "<group>";
		};
		EF4881AB248A7D370026187C /* Frameworks */ = {
			isa = PBXGroup;
			children = (
				EF76BB6B24EAEBDA007C61E2 /* MapKit.framework */,
				EF76BB6924EAEBC0007C61E2 /* MapKit.framework */,
			);
			name = Frameworks;
			sourceTree = "<group>";
		};
		EF51B28C24E278FD00EC9149 /* WKARWatchDebug */ = {
			isa = PBXGroup;
			children = (
				EF51B2B724E2795400EC9149 /* WKARWatchDebug.entitlements */,
				EF51B28D24E278FD00EC9149 /* Interface.storyboard */,
				EF51B29024E278FF00EC9149 /* Assets.xcassets */,
				EF51B29224E278FF00EC9149 /* Info.plist */,
			);
			path = WKARWatchDebug;
			sourceTree = "<group>";
		};
		EF51B29B24E278FF00EC9149 /* WKARWatchDebug Extension */ = {
			isa = PBXGroup;
			children = (
				EFD8780024E2831D006AAB55 /* View */,
				EF51B2B824E2795C00EC9149 /* WKARWatchDebug Extension.entitlements */,
				EF51B29E24E278FF00EC9149 /* HostingController.swift */,
				EF51B2A024E278FF00EC9149 /* ExtensionDelegate.swift */,
				EF51B2A224E278FF00EC9149 /* NotificationController.swift */,
				EF51B2A424E278FF00EC9149 /* NotificationView.swift */,
				EF51B2A624E2790000EC9149 /* Assets.xcassets */,
				EF51B2AB24E2790000EC9149 /* Info.plist */,
				EF51B2AC24E2790000EC9149 /* PushNotificationPayload.apns */,
				EF51B2A824E2790000EC9149 /* Preview Content */,
			);
			path = "WKARWatchDebug Extension";
			sourceTree = "<group>";
		};
		EF51B2A824E2790000EC9149 /* Preview Content */ = {
			isa = PBXGroup;
			children = (
				EF51B2A924E2790000EC9149 /* Preview Assets.xcassets */,
			);
			path = "Preview Content";
			sourceTree = "<group>";
		};
		EF54A9D224E3027900A60E2C /* Core */ = {
			isa = PBXGroup;
			children = (
				EF44585D24E28E6200096D3A /* Clients */,
				EF54A9D324E302A800A60E2C /* ContentCore.swift */,
				EF191C3224EBDB6E00A67EF8 /* MapCore.swift */,
			);
			path = Core;
			sourceTree = "<group>";
		};
		EF9C35F424DF2F0000DC567D /* ARWatchDebug */ = {
			isa = PBXGroup;
			children = (
				EFD07A6424EAB37F00F00406 /* Views */,
				EF9C35F524DF2F0000DC567D /* AppDelegate.swift */,
				EF9C35F724DF2F0000DC567D /* SceneDelegate.swift */,
				EF9C35FB24DF2F0300DC567D /* Assets.xcassets */,
				EF9C360024DF2F0300DC567D /* LaunchScreen.storyboard */,
				EF9C360324DF2F0300DC567D /* Info.plist */,
				EF9C360724DF2F4400DC567D /* ARWatchDebug.entitlements */,
				EF9C35FD24DF2F0300DC567D /* Preview Content */,
			);
			path = ARWatchDebug;
			sourceTree = "<group>";
		};
		EF9C35FD24DF2F0300DC567D /* Preview Content */ = {
			isa = PBXGroup;
			children = (
				EF9C35FE24DF2F0300DC567D /* Preview Assets.xcassets */,
			);
			path = "Preview Content";
			sourceTree = "<group>";
		};
		EFD07A6424EAB37F00F00406 /* Views */ = {
			isa = PBXGroup;
			children = (
				EF9C35F924DF2F0000DC567D /* ContentView.swift */,
				EFD07A6724EAB45E00F00406 /* MapView.swift */,
				EFD07A6B24EAB48300F00406 /* AudioPlayerView.swift */,
				EFD07A6924EAB46E00F00406 /* SettingsView.swift */,
				EFEF730C24ED23F000B7B819 /* TimeTravelView.swift */,
			);
			path = Views;
			sourceTree = "<group>";
		};
		EFD443C5248683290037CC73 = {
			isa = PBXGroup;
			children = (
				EF08167924B48F0800A738B7 /* Thesis */,
				EFF2466D248E478900BC5B0B /* Shared */,
				EF9C35F424DF2F0000DC567D /* ARWatchDebug */,
				EF51B28C24E278FD00EC9149 /* WKARWatchDebug */,
				EF51B29B24E278FF00EC9149 /* WKARWatchDebug Extension */,
				EFD443CF248683290037CC73 /* Products */,
				EF4881AB248A7D370026187C /* Frameworks */,
			);
			sourceTree = "<group>";
		};
		EFD443CF248683290037CC73 /* Products */ = {
			isa = PBXGroup;
			children = (
				EF9C35F324DF2F0000DC567D /* ARWatchDebug.app */,
				EF51B28B24E278FD00EC9149 /* WKARWatchDebug.app */,
				EF51B29724E278FF00EC9149 /* WKARWatchDebug Extension.appex */,
			);
			name = Products;
			sourceTree = "<group>";
		};
		EFD877F824E28233006AAB55 /* App */ = {
			isa = PBXGroup;
			children = (
				EFD877FD24E282E0006AAB55 /* Clients */,
				EFD877F924E2829B006AAB55 /* MainMenuCore.swift */,
			);
			path = App;
			sourceTree = "<group>";
		};
		EFD877FD24E282E0006AAB55 /* Clients */ = {
			isa = PBXGroup;
			children = (
				EFD877FE24E2830C006AAB55 /* WKSessionClient.swift */,
			);
			path = Clients;
			sourceTree = "<group>";
		};
		EFD8780024E2831D006AAB55 /* View */ = {
			isa = PBXGroup;
			children = (
				EFD8780124E28323006AAB55 /* Components */,
				EF51B29C24E278FF00EC9149 /* ContentView.swift */,
				EF1FFF5524EAB88700B574DE /* MapView.swift */,
				EF1FFF5724EABE2300B574DE /* AudioPlayerView.swift */,
				EF1FFF5924EABE3400B574DE /* SettingsView.swift */,
				EFEF730A24ED23B600B7B819 /* TimeTravelView.swift */,
			);
			path = View;
			sourceTree = "<group>";
		};
		EFD8780124E28323006AAB55 /* Components */ = {
			isa = PBXGroup;
			children = (
				EF110CDD24EAC6E4004D869E /* PageManager.swift */,
			);
			path = Components;
			sourceTree = "<group>";
		};
		EFEF72D524ED1D8200B7B819 /* iOS */ = {
			isa = PBXGroup;
			children = (
				EF54A9D224E3027900A60E2C /* Core */,
			);
			path = iOS;
			sourceTree = "<group>";
		};
		EFEF72D624ED1D8D00B7B819 /* watchOS */ = {
			isa = PBXGroup;
			children = (
				EFD877F824E28233006AAB55 /* App */,
			);
			path = watchOS;
			sourceTree = "<group>";
		};
		EFF2466D248E478900BC5B0B /* Shared */ = {
			isa = PBXGroup;
			children = (
				EFEF72D624ED1D8D00B7B819 /* watchOS */,
				EFEF72D524ED1D8200B7B819 /* iOS */,
				EFF2466E248E47A300BC5B0B /* SharedCoreActions.swift */,
				EFEA827D24DF1AFA00E7C162 /* TimeTravel.swift */,
				EF54A9CD24E2C7F900A60E2C /* AtomicInteger.swift */,
				EFEF72D724ED1E6000B7B819 /* Mapper.swift */,
			);
			path = Shared;
			sourceTree = "<group>";
		};
/* End PBXGroup section */

/* Begin PBXNativeTarget section */
		EF51B28A24E278FD00EC9149 /* WKARWatchDebug */ = {
			isa = PBXNativeTarget;
			buildConfigurationList = EF51B2B424E2790000EC9149 /* Build configuration list for PBXNativeTarget "WKARWatchDebug" */;
			buildPhases = (
				EF51B28924E278FD00EC9149 /* Resources */,
				EF44586324E2913D00096D3A /* Embed App Extensions */,
			);
			buildRules = (
			);
			dependencies = (
				EF44586224E2913D00096D3A /* PBXTargetDependency */,
			);
			name = WKARWatchDebug;
			productName = WKARWatchDebug;
			productReference = EF51B28B24E278FD00EC9149 /* WKARWatchDebug.app */;
			productType = "com.apple.product-type.application.watchapp2";
		};
		EF51B29624E278FF00EC9149 /* WKARWatchDebug Extension */ = {
			isa = PBXNativeTarget;
			buildConfigurationList = EF51B2B024E2790000EC9149 /* Build configuration list for PBXNativeTarget "WKARWatchDebug Extension" */;
			buildPhases = (
				EF51B29324E278FF00EC9149 /* Sources */,
				EF51B29424E278FF00EC9149 /* Frameworks */,
				EF51B29524E278FF00EC9149 /* Resources */,
				EFEF72F424ED21EA00B7B819 /* Embed Frameworks */,
			);
			buildRules = (
			);
			dependencies = (
			);
			name = "WKARWatchDebug Extension";
			packageProductDependencies = (
				EF51B2B924E2799200EC9149 /* ComposableArchitecture */,
			);
			productName = "WKARWatchDebug Extension";
			productReference = EF51B29724E278FF00EC9149 /* WKARWatchDebug Extension.appex */;
			productType = "com.apple.product-type.watchkit2-extension";
		};
		EF9C35F224DF2F0000DC567D /* ARWatchDebug */ = {
			isa = PBXNativeTarget;
			buildConfigurationList = EF9C360624DF2F0300DC567D /* Build configuration list for PBXNativeTarget "ARWatchDebug" */;
			buildPhases = (
				EF9C35EF24DF2F0000DC567D /* Sources */,
				EF9C35F024DF2F0000DC567D /* Frameworks */,
				EF9C35F124DF2F0000DC567D /* Resources */,
				EF9C361424DF324B00DC567D /* Embed Watch Content */,
				EFEF72EF24ED219700B7B819 /* Embed Frameworks */,
			);
			buildRules = (
			);
			dependencies = (
				EFD877EF24E27F1F006AAB55 /* PBXTargetDependency */,
			);
			name = ARWatchDebug;
			packageProductDependencies = (
				EFD877EC24E27F0D006AAB55 /* ComposableArchitecture */,
			);
			productName = ARWatchDebug;
			productReference = EF9C35F324DF2F0000DC567D /* ARWatchDebug.app */;
			productType = "com.apple.product-type.application";
		};
/* End PBXNativeTarget section */

/* Begin PBXProject section */
		EFD443C6248683290037CC73 /* Project object */ = {
			isa = PBXProject;
			attributes = {
				LastSwiftUpdateCheck = 1160;
				LastUpgradeCheck = 1150;
				ORGANIZATIONNAME = "Hannes Steiner";
				TargetAttributes = {
					EF51B28A24E278FD00EC9149 = {
						CreatedOnToolsVersion = 11.6;
					};
					EF51B29624E278FF00EC9149 = {
						CreatedOnToolsVersion = 11.6;
					};
					EF9C35F224DF2F0000DC567D = {
						CreatedOnToolsVersion = 11.6;
					};
				};
			};
			buildConfigurationList = EFD443C9248683290037CC73 /* Build configuration list for PBXProject "ARWatch" */;
			compatibilityVersion = "Xcode 9.3";
			developmentRegion = en;
			hasScannedForEncodings = 0;
			knownRegions = (
				en,
				Base,
			);
			mainGroup = EFD443C5248683290037CC73;
			packageReferences = (
				EFF266C2248A510400133785 /* XCRemoteSwiftPackageReference "swift-composable-architecture" */,
			);
			productRefGroup = EFD443CF248683290037CC73 /* Products */;
			projectDirPath = "";
			projectRoot = "";
			targets = (
				EF9C35F224DF2F0000DC567D /* ARWatchDebug */,
				EF51B28A24E278FD00EC9149 /* WKARWatchDebug */,
				EF51B29624E278FF00EC9149 /* WKARWatchDebug Extension */,
			);
		};
/* End PBXProject section */

/* Begin PBXResourcesBuildPhase section */
		EF51B28924E278FD00EC9149 /* Resources */ = {
			isa = PBXResourcesBuildPhase;
			buildActionMask = 2147483647;
			files = (
				EF51B29124E278FF00EC9149 /* Assets.xcassets in Resources */,
				EF51B28F24E278FD00EC9149 /* Interface.storyboard in Resources */,
			);
			runOnlyForDeploymentPostprocessing = 0;
		};
		EF51B29524E278FF00EC9149 /* Resources */ = {
			isa = PBXResourcesBuildPhase;
			buildActionMask = 2147483647;
			files = (
				EF51B2AA24E2790000EC9149 /* Preview Assets.xcassets in Resources */,
				EF51B2A724E2790000EC9149 /* Assets.xcassets in Resources */,
			);
			runOnlyForDeploymentPostprocessing = 0;
		};
		EF9C35F124DF2F0000DC567D /* Resources */ = {
			isa = PBXResourcesBuildPhase;
			buildActionMask = 2147483647;
			files = (
				EF9C360224DF2F0300DC567D /* LaunchScreen.storyboard in Resources */,
				EF9C35FF24DF2F0300DC567D /* Preview Assets.xcassets in Resources */,
				EF9C35FC24DF2F0300DC567D /* Assets.xcassets in Resources */,
			);
			runOnlyForDeploymentPostprocessing = 0;
		};
/* End PBXResourcesBuildPhase section */

/* Begin PBXSourcesBuildPhase section */
		EF51B29324E278FF00EC9149 /* Sources */ = {
			isa = PBXSourcesBuildPhase;
			buildActionMask = 2147483647;
			files = (
				EFEF72FF24ED229800B7B819 /* ContentCore.swift in Sources */,
				EFEF730B24ED23B600B7B819 /* TimeTravelView.swift in Sources */,
				EF1FFF5624EAB88700B574DE /* MapView.swift in Sources */,
				EFEF730124ED229C00B7B819 /* MapCore.swift in Sources */,
				EF51B29F24E278FF00EC9149 /* HostingController.swift in Sources */,
				EF51B29D24E278FF00EC9149 /* ContentView.swift in Sources */,
				EFD877FF24E2830C006AAB55 /* WKSessionClient.swift in Sources */,
				EF51B2A324E278FF00EC9149 /* NotificationController.swift in Sources */,
				EF1FFF5A24EABE3400B574DE /* SettingsView.swift in Sources */,
				EF110CDE24EAC6E4004D869E /* PageManager.swift in Sources */,
				EFEF730724ED22A400B7B819 /* AtomicInteger.swift in Sources */,
				EFEF730924ED22A700B7B819 /* Mapper.swift in Sources */,
				EF51B2A124E278FF00EC9149 /* ExtensionDelegate.swift in Sources */,
				EF1FFF5824EABE2300B574DE /* AudioPlayerView.swift in Sources */,
				EFEF730524ED22A100B7B819 /* TimeTravel.swift in Sources */,
				EF51B2A524E278FF00EC9149 /* NotificationView.swift in Sources */,
				EFEF72FD24ED229600B7B819 /* MainMenuCore.swift in Sources */,
				EFEF730324ED229E00B7B819 /* SharedCoreActions.swift in Sources */,
			);
			runOnlyForDeploymentPostprocessing = 0;
		};
		EF9C35EF24DF2F0000DC567D /* Sources */ = {
			isa = PBXSourcesBuildPhase;
			buildActionMask = 2147483647;
			files = (
				EFEF72FE24ED229800B7B819 /* ContentCore.swift in Sources */,
				EFEF730D24ED23F000B7B819 /* TimeTravelView.swift in Sources */,
				EFEF730224ED229E00B7B819 /* SharedCoreActions.swift in Sources */,
				EFEF730824ED22A600B7B819 /* Mapper.swift in Sources */,
				EFEF72FC24ED229500B7B819 /* MainMenuCore.swift in Sources */,
				EFEF730E24ED24C700B7B819 /* WKSessionClient.swift in Sources */,
				EFEF730624ED22A300B7B819 /* AtomicInteger.swift in Sources */,
				EF9C35F624DF2F0000DC567D /* AppDelegate.swift in Sources */,
				EFEF730024ED229B00B7B819 /* MapCore.swift in Sources */,
				EFD07A6C24EAB48300F00406 /* AudioPlayerView.swift in Sources */,
				EF9C35F824DF2F0000DC567D /* SceneDelegate.swift in Sources */,
				EF9C35FA24DF2F0000DC567D /* ContentView.swift in Sources */,
				EFEF730424ED22A000B7B819 /* TimeTravel.swift in Sources */,
				EFD07A6824EAB45E00F00406 /* MapView.swift in Sources */,
				EF44585F24E28E8100096D3A /* AppWKSessionClient.swift in Sources */,
				EFD07A6A24EAB46E00F00406 /* SettingsView.swift in Sources */,
			);
			runOnlyForDeploymentPostprocessing = 0;
		};
/* End PBXSourcesBuildPhase section */

/* Begin PBXTargetDependency section */
		EF44586224E2913D00096D3A /* PBXTargetDependency */ = {
			isa = PBXTargetDependency;
			target = EF51B29624E278FF00EC9149 /* WKARWatchDebug Extension */;
			targetProxy = EF44586124E2913D00096D3A /* PBXContainerItemProxy */;
		};
		EFD877EF24E27F1F006AAB55 /* PBXTargetDependency */ = {
			isa = PBXTargetDependency;
			target = EF51B28A24E278FD00EC9149 /* WKARWatchDebug */;
			targetProxy = EFD877EE24E27F1F006AAB55 /* PBXContainerItemProxy */;
		};
/* End PBXTargetDependency section */

/* Begin PBXVariantGroup section */
		EF51B28D24E278FD00EC9149 /* Interface.storyboard */ = {
			isa = PBXVariantGroup;
			children = (
				EF51B28E24E278FD00EC9149 /* Base */,
			);
			name = Interface.storyboard;
			sourceTree = "<group>";
		};
		EF9C360024DF2F0300DC567D /* LaunchScreen.storyboard */ = {
			isa = PBXVariantGroup;
			children = (
				EF9C360124DF2F0300DC567D /* Base */,
			);
			name = LaunchScreen.storyboard;
			sourceTree = "<group>";
		};
/* End PBXVariantGroup section */

/* Begin XCBuildConfiguration section */
		EF51B2B124E2790000EC9149 /* Debug */ = {
			isa = XCBuildConfiguration;
			buildSettings = {
				ASSETCATALOG_COMPILER_COMPLICATION_NAME = Complication;
				CODE_SIGN_ENTITLEMENTS = "WKARWatchDebug Extension/WKARWatchDebug Extension.entitlements";
				CODE_SIGN_STYLE = Automatic;
				DEVELOPMENT_ASSET_PATHS = "\"WKARWatchDebug Extension/Preview Content\"";
				DEVELOPMENT_TEAM = 3M6T8T58SL;
				ENABLE_PREVIEWS = YES;
				INFOPLIST_FILE = "WKARWatchDebug Extension/Info.plist";
				LD_RUNPATH_SEARCH_PATHS = (
					"$(inherited)",
					"@executable_path/Frameworks",
					"@executable_path/../../Frameworks",
				);
				PRODUCT_BUNDLE_IDENTIFIER = com.hannessteiner.ARWatchDebug.watchkitapp.watchkitextension;
				PRODUCT_NAME = "${TARGET_NAME}";
				SDKROOT = watchos;
				SKIP_INSTALL = YES;
				SWIFT_VERSION = 5.0;
				TARGETED_DEVICE_FAMILY = 4;
				WATCHOS_DEPLOYMENT_TARGET = 6.2;
			};
			name = Debug;
		};
		EF51B2B224E2790000EC9149 /* Release */ = {
			isa = XCBuildConfiguration;
			buildSettings = {
				ASSETCATALOG_COMPILER_COMPLICATION_NAME = Complication;
				CODE_SIGN_ENTITLEMENTS = "WKARWatchDebug Extension/WKARWatchDebug Extension.entitlements";
				CODE_SIGN_STYLE = Automatic;
				DEVELOPMENT_ASSET_PATHS = "\"WKARWatchDebug Extension/Preview Content\"";
				DEVELOPMENT_TEAM = 3M6T8T58SL;
				ENABLE_PREVIEWS = YES;
				INFOPLIST_FILE = "WKARWatchDebug Extension/Info.plist";
				LD_RUNPATH_SEARCH_PATHS = (
					"$(inherited)",
					"@executable_path/Frameworks",
					"@executable_path/../../Frameworks",
				);
				PRODUCT_BUNDLE_IDENTIFIER = com.hannessteiner.ARWatchDebug.watchkitapp.watchkitextension;
				PRODUCT_NAME = "${TARGET_NAME}";
				SDKROOT = watchos;
				SKIP_INSTALL = YES;
				SWIFT_VERSION = 5.0;
				TARGETED_DEVICE_FAMILY = 4;
				WATCHOS_DEPLOYMENT_TARGET = 6.2;
			};
			name = Release;
		};
		EF51B2B524E2790000EC9149 /* Debug */ = {
			isa = XCBuildConfiguration;
			buildSettings = {
				ASSETCATALOG_COMPILER_APPICON_NAME = AppIcon;
				CODE_SIGN_ENTITLEMENTS = WKARWatchDebug/WKARWatchDebug.entitlements;
				CODE_SIGN_STYLE = Automatic;
				DEVELOPMENT_TEAM = 3M6T8T58SL;
				IBSC_MODULE = WKARWatchDebug_Extension;
				INFOPLIST_FILE = WKARWatchDebug/Info.plist;
				PRODUCT_BUNDLE_IDENTIFIER = com.hannessteiner.ARWatchDebug.watchkitapp;
				PRODUCT_NAME = "$(TARGET_NAME)";
				SDKROOT = watchos;
				SKIP_INSTALL = YES;
				SWIFT_VERSION = 5.0;
				TARGETED_DEVICE_FAMILY = 4;
				WATCHOS_DEPLOYMENT_TARGET = 6.2;
			};
			name = Debug;
		};
		EF51B2B624E2790000EC9149 /* Release */ = {
			isa = XCBuildConfiguration;
			buildSettings = {
				ASSETCATALOG_COMPILER_APPICON_NAME = AppIcon;
				CODE_SIGN_ENTITLEMENTS = WKARWatchDebug/WKARWatchDebug.entitlements;
				CODE_SIGN_STYLE = Automatic;
				DEVELOPMENT_TEAM = 3M6T8T58SL;
				IBSC_MODULE = WKARWatchDebug_Extension;
				INFOPLIST_FILE = WKARWatchDebug/Info.plist;
				PRODUCT_BUNDLE_IDENTIFIER = com.hannessteiner.ARWatchDebug.watchkitapp;
				PRODUCT_NAME = "$(TARGET_NAME)";
				SDKROOT = watchos;
				SKIP_INSTALL = YES;
				SWIFT_VERSION = 5.0;
				TARGETED_DEVICE_FAMILY = 4;
				WATCHOS_DEPLOYMENT_TARGET = 6.2;
			};
			name = Release;
		};
		EF9C360424DF2F0300DC567D /* Debug */ = {
			isa = XCBuildConfiguration;
			buildSettings = {
				ALWAYS_EMBED_SWIFT_STANDARD_LIBRARIES = YES;
				ASSETCATALOG_COMPILER_APPICON_NAME = AppIcon;
				CODE_SIGN_ENTITLEMENTS = ARWatchDebug/ARWatchDebug.entitlements;
				CODE_SIGN_STYLE = Automatic;
				DEVELOPMENT_ASSET_PATHS = "\"ARWatchDebug/Preview Content\"";
				DEVELOPMENT_TEAM = 3M6T8T58SL;
				ENABLE_PREVIEWS = YES;
				INFOPLIST_FILE = ARWatchDebug/Info.plist;
				IPHONEOS_DEPLOYMENT_TARGET = 13.6;
				LD_RUNPATH_SEARCH_PATHS = (
					"$(inherited)",
					"@executable_path/Frameworks",
				);
				PRODUCT_BUNDLE_IDENTIFIER = com.hannessteiner.ARWatchDebug;
				PRODUCT_NAME = "$(TARGET_NAME)";
				SWIFT_VERSION = 5.0;
				TARGETED_DEVICE_FAMILY = 1;
			};
			name = Debug;
		};
		EF9C360524DF2F0300DC567D /* Release */ = {
			isa = XCBuildConfiguration;
			buildSettings = {
				ALWAYS_EMBED_SWIFT_STANDARD_LIBRARIES = YES;
				ASSETCATALOG_COMPILER_APPICON_NAME = AppIcon;
				CODE_SIGN_ENTITLEMENTS = ARWatchDebug/ARWatchDebug.entitlements;
				CODE_SIGN_STYLE = Automatic;
				DEVELOPMENT_ASSET_PATHS = "\"ARWatchDebug/Preview Content\"";
				DEVELOPMENT_TEAM = 3M6T8T58SL;
				ENABLE_PREVIEWS = YES;
				INFOPLIST_FILE = ARWatchDebug/Info.plist;
				IPHONEOS_DEPLOYMENT_TARGET = 13.6;
				LD_RUNPATH_SEARCH_PATHS = (
					"$(inherited)",
					"@executable_path/Frameworks",
				);
				PRODUCT_BUNDLE_IDENTIFIER = com.hannessteiner.ARWatchDebug;
				PRODUCT_NAME = "$(TARGET_NAME)";
				SWIFT_VERSION = 5.0;
				TARGETED_DEVICE_FAMILY = 1;
			};
			name = Release;
		};
		EFD443E02486832A0037CC73 /* Debug */ = {
			isa = XCBuildConfiguration;
			buildSettings = {
				ALWAYS_SEARCH_USER_PATHS = NO;
				CLANG_ANALYZER_NONNULL = YES;
				CLANG_ANALYZER_NUMBER_OBJECT_CONVERSION = YES_AGGRESSIVE;
				CLANG_CXX_LANGUAGE_STANDARD = "gnu++14";
				CLANG_CXX_LIBRARY = "libc++";
				CLANG_ENABLE_MODULES = YES;
				CLANG_ENABLE_OBJC_ARC = YES;
				CLANG_ENABLE_OBJC_WEAK = YES;
				CLANG_WARN_BLOCK_CAPTURE_AUTORELEASING = YES;
				CLANG_WARN_BOOL_CONVERSION = YES;
				CLANG_WARN_COMMA = YES;
				CLANG_WARN_CONSTANT_CONVERSION = YES;
				CLANG_WARN_DEPRECATED_OBJC_IMPLEMENTATIONS = YES;
				CLANG_WARN_DIRECT_OBJC_ISA_USAGE = YES_ERROR;
				CLANG_WARN_DOCUMENTATION_COMMENTS = YES;
				CLANG_WARN_EMPTY_BODY = YES;
				CLANG_WARN_ENUM_CONVERSION = YES;
				CLANG_WARN_INFINITE_RECURSION = YES;
				CLANG_WARN_INT_CONVERSION = YES;
				CLANG_WARN_NON_LITERAL_NULL_CONVERSION = YES;
				CLANG_WARN_OBJC_IMPLICIT_RETAIN_SELF = YES;
				CLANG_WARN_OBJC_LITERAL_CONVERSION = YES;
				CLANG_WARN_OBJC_ROOT_CLASS = YES_ERROR;
				CLANG_WARN_RANGE_LOOP_ANALYSIS = YES;
				CLANG_WARN_STRICT_PROTOTYPES = YES;
				CLANG_WARN_SUSPICIOUS_MOVE = YES;
				CLANG_WARN_UNGUARDED_AVAILABILITY = YES_AGGRESSIVE;
				CLANG_WARN_UNREACHABLE_CODE = YES;
				CLANG_WARN__DUPLICATE_METHOD_MATCH = YES;
				COPY_PHASE_STRIP = NO;
				DEBUG_INFORMATION_FORMAT = dwarf;
				ENABLE_STRICT_OBJC_MSGSEND = YES;
				ENABLE_TESTABILITY = YES;
				GCC_C_LANGUAGE_STANDARD = gnu11;
				GCC_DYNAMIC_NO_PIC = NO;
				GCC_NO_COMMON_BLOCKS = YES;
				GCC_OPTIMIZATION_LEVEL = 0;
				GCC_PREPROCESSOR_DEFINITIONS = (
					"DEBUG=1",
					"$(inherited)",
				);
				GCC_WARN_64_TO_32_BIT_CONVERSION = YES;
				GCC_WARN_ABOUT_RETURN_TYPE = YES_ERROR;
				GCC_WARN_UNDECLARED_SELECTOR = YES;
				GCC_WARN_UNINITIALIZED_AUTOS = YES_AGGRESSIVE;
				GCC_WARN_UNUSED_FUNCTION = YES;
				GCC_WARN_UNUSED_VARIABLE = YES;
				IPHONEOS_DEPLOYMENT_TARGET = 13.6;
				MTL_ENABLE_DEBUG_INFO = INCLUDE_SOURCE;
				MTL_FAST_MATH = YES;
				ONLY_ACTIVE_ARCH = YES;
				SDKROOT = iphoneos;
				SWIFT_ACTIVE_COMPILATION_CONDITIONS = DEBUG;
				SWIFT_OPTIMIZATION_LEVEL = "-Onone";
			};
			name = Debug;
		};
		EFD443E12486832A0037CC73 /* Release */ = {
			isa = XCBuildConfiguration;
			buildSettings = {
				ALWAYS_SEARCH_USER_PATHS = NO;
				CLANG_ANALYZER_NONNULL = YES;
				CLANG_ANALYZER_NUMBER_OBJECT_CONVERSION = YES_AGGRESSIVE;
				CLANG_CXX_LANGUAGE_STANDARD = "gnu++14";
				CLANG_CXX_LIBRARY = "libc++";
				CLANG_ENABLE_MODULES = YES;
				CLANG_ENABLE_OBJC_ARC = YES;
				CLANG_ENABLE_OBJC_WEAK = YES;
				CLANG_WARN_BLOCK_CAPTURE_AUTORELEASING = YES;
				CLANG_WARN_BOOL_CONVERSION = YES;
				CLANG_WARN_COMMA = YES;
				CLANG_WARN_CONSTANT_CONVERSION = YES;
				CLANG_WARN_DEPRECATED_OBJC_IMPLEMENTATIONS = YES;
				CLANG_WARN_DIRECT_OBJC_ISA_USAGE = YES_ERROR;
				CLANG_WARN_DOCUMENTATION_COMMENTS = YES;
				CLANG_WARN_EMPTY_BODY = YES;
				CLANG_WARN_ENUM_CONVERSION = YES;
				CLANG_WARN_INFINITE_RECURSION = YES;
				CLANG_WARN_INT_CONVERSION = YES;
				CLANG_WARN_NON_LITERAL_NULL_CONVERSION = YES;
				CLANG_WARN_OBJC_IMPLICIT_RETAIN_SELF = YES;
				CLANG_WARN_OBJC_LITERAL_CONVERSION = YES;
				CLANG_WARN_OBJC_ROOT_CLASS = YES_ERROR;
				CLANG_WARN_RANGE_LOOP_ANALYSIS = YES;
				CLANG_WARN_STRICT_PROTOTYPES = YES;
				CLANG_WARN_SUSPICIOUS_MOVE = YES;
				CLANG_WARN_UNGUARDED_AVAILABILITY = YES_AGGRESSIVE;
				CLANG_WARN_UNREACHABLE_CODE = YES;
				CLANG_WARN__DUPLICATE_METHOD_MATCH = YES;
				COPY_PHASE_STRIP = NO;
				DEBUG_INFORMATION_FORMAT = "dwarf-with-dsym";
				ENABLE_NS_ASSERTIONS = NO;
				ENABLE_STRICT_OBJC_MSGSEND = YES;
				GCC_C_LANGUAGE_STANDARD = gnu11;
				GCC_NO_COMMON_BLOCKS = YES;
				GCC_WARN_64_TO_32_BIT_CONVERSION = YES;
				GCC_WARN_ABOUT_RETURN_TYPE = YES_ERROR;
				GCC_WARN_UNDECLARED_SELECTOR = YES;
				GCC_WARN_UNINITIALIZED_AUTOS = YES_AGGRESSIVE;
				GCC_WARN_UNUSED_FUNCTION = YES;
				GCC_WARN_UNUSED_VARIABLE = YES;
				IPHONEOS_DEPLOYMENT_TARGET = 13.6;
				MTL_ENABLE_DEBUG_INFO = NO;
				MTL_FAST_MATH = YES;
				SDKROOT = iphoneos;
				SWIFT_COMPILATION_MODE = wholemodule;
				SWIFT_OPTIMIZATION_LEVEL = "-O";
				VALIDATE_PRODUCT = YES;
			};
			name = Release;
		};
/* End XCBuildConfiguration section */

/* Begin XCConfigurationList section */
		EF51B2B024E2790000EC9149 /* Build configuration list for PBXNativeTarget "WKARWatchDebug Extension" */ = {
			isa = XCConfigurationList;
			buildConfigurations = (
				EF51B2B124E2790000EC9149 /* Debug */,
				EF51B2B224E2790000EC9149 /* Release */,
			);
			defaultConfigurationIsVisible = 0;
			defaultConfigurationName = Release;
		};
		EF51B2B424E2790000EC9149 /* Build configuration list for PBXNativeTarget "WKARWatchDebug" */ = {
			isa = XCConfigurationList;
			buildConfigurations = (
				EF51B2B524E2790000EC9149 /* Debug */,
				EF51B2B624E2790000EC9149 /* Release */,
			);
			defaultConfigurationIsVisible = 0;
			defaultConfigurationName = Release;
		};
		EF9C360624DF2F0300DC567D /* Build configuration list for PBXNativeTarget "ARWatchDebug" */ = {
			isa = XCConfigurationList;
			buildConfigurations = (
				EF9C360424DF2F0300DC567D /* Debug */,
				EF9C360524DF2F0300DC567D /* Release */,
			);
			defaultConfigurationIsVisible = 0;
			defaultConfigurationName = Release;
		};
		EFD443C9248683290037CC73 /* Build configuration list for PBXProject "ARWatch" */ = {
			isa = XCConfigurationList;
			buildConfigurations = (
				EFD443E02486832A0037CC73 /* Debug */,
				EFD443E12486832A0037CC73 /* Release */,
			);
			defaultConfigurationIsVisible = 0;
			defaultConfigurationName = Release;
		};
/* End XCConfigurationList section */

/* Begin XCRemoteSwiftPackageReference section */
		EFF266C2248A510400133785 /* XCRemoteSwiftPackageReference "swift-composable-architecture" */ = {
			isa = XCRemoteSwiftPackageReference;
			repositoryURL = "https://github.com/pointfreeco/swift-composable-architecture.git";
			requirement = {
				kind = upToNextMajorVersion;
				minimumVersion = 0.3.0;
			};
		};
/* End XCRemoteSwiftPackageReference section */

/* Begin XCSwiftPackageProductDependency section */
		EF51B2B924E2799200EC9149 /* ComposableArchitecture */ = {
			isa = XCSwiftPackageProductDependency;
			package = EFF266C2248A510400133785 /* XCRemoteSwiftPackageReference "swift-composable-architecture" */;
			productName = ComposableArchitecture;
		};
		EFD877EC24E27F0D006AAB55 /* ComposableArchitecture */ = {
			isa = XCSwiftPackageProductDependency;
			package = EFF266C2248A510400133785 /* XCRemoteSwiftPackageReference "swift-composable-architecture" */;
			productName = ComposableArchitecture;
		};
/* End XCSwiftPackageProductDependency section */
	};
	rootObject = EFD443C6248683290037CC73 /* Project object */;
}
