// !$*UTF8*$!
{
	archiveVersion = 1;
	classes = {
	};
	objectVersion = 50;
	objects = {

/* Begin PBXBuildFile section */
		EF2F3D7324869BFB005B74D0 /* ConnectivityHandler.swift in Sources */ = {isa = PBXBuildFile; fileRef = EF2F3D7224869BFB005B74D0 /* ConnectivityHandler.swift */; };
		EFD443D2248683290037CC73 /* AppDelegate.swift in Sources */ = {isa = PBXBuildFile; fileRef = EFD443D1248683290037CC73 /* AppDelegate.swift */; };
		EFD443D4248683290037CC73 /* art.scnassets in Resources */ = {isa = PBXBuildFile; fileRef = EFD443D3248683290037CC73 /* art.scnassets */; };
		EFD443D6248683290037CC73 /* ViewController.swift in Sources */ = {isa = PBXBuildFile; fileRef = EFD443D5248683290037CC73 /* ViewController.swift */; };
		EFD443D9248683290037CC73 /* Main.storyboard in Resources */ = {isa = PBXBuildFile; fileRef = EFD443D7248683290037CC73 /* Main.storyboard */; };
		EFD443DB2486832A0037CC73 /* Assets.xcassets in Resources */ = {isa = PBXBuildFile; fileRef = EFD443DA2486832A0037CC73 /* Assets.xcassets */; };
		EFD443DE2486832A0037CC73 /* LaunchScreen.storyboard in Resources */ = {isa = PBXBuildFile; fileRef = EFD443DC2486832A0037CC73 /* LaunchScreen.storyboard */; };
		EFD443EB2486836F0037CC73 /* Interface.storyboard in Resources */ = {isa = PBXBuildFile; fileRef = EFD443E92486836F0037CC73 /* Interface.storyboard */; };
		EFD443ED248683710037CC73 /* Assets.xcassets in Resources */ = {isa = PBXBuildFile; fileRef = EFD443EC248683710037CC73 /* Assets.xcassets */; };
		EFD443F4248683710037CC73 /* WKARWatch Extension.appex in Embed App Extensions */ = {isa = PBXBuildFile; fileRef = EFD443F3248683710037CC73 /* WKARWatch Extension.appex */; settings = {ATTRIBUTES = (RemoveHeadersOnCopy, ); }; };
		EFD443F9248683710037CC73 /* ContentView.swift in Sources */ = {isa = PBXBuildFile; fileRef = EFD443F8248683710037CC73 /* ContentView.swift */; };
		EFD443FB248683710037CC73 /* HostingController.swift in Sources */ = {isa = PBXBuildFile; fileRef = EFD443FA248683710037CC73 /* HostingController.swift */; };
		EFD443FD248683710037CC73 /* ExtensionDelegate.swift in Sources */ = {isa = PBXBuildFile; fileRef = EFD443FC248683710037CC73 /* ExtensionDelegate.swift */; };
		EFD443FF248683710037CC73 /* NotificationController.swift in Sources */ = {isa = PBXBuildFile; fileRef = EFD443FE248683710037CC73 /* NotificationController.swift */; };
		EFD44401248683710037CC73 /* NotificationView.swift in Sources */ = {isa = PBXBuildFile; fileRef = EFD44400248683710037CC73 /* NotificationView.swift */; };
		EFD44403248683720037CC73 /* Assets.xcassets in Resources */ = {isa = PBXBuildFile; fileRef = EFD44402248683720037CC73 /* Assets.xcassets */; };
		EFD44406248683720037CC73 /* Preview Assets.xcassets in Resources */ = {isa = PBXBuildFile; fileRef = EFD44405248683720037CC73 /* Preview Assets.xcassets */; };
		EFD4440B248683720037CC73 /* WKARWatch.app in Embed Watch Content */ = {isa = PBXBuildFile; fileRef = EFD443E72486836F0037CC73 /* WKARWatch.app */; settings = {ATTRIBUTES = (RemoveHeadersOnCopy, ); }; };
		EFD44415248684AE0037CC73 /* SceneDelegate.swift in Sources */ = {isa = PBXBuildFile; fileRef = EFD44414248684AE0037CC73 /* SceneDelegate.swift */; };
		EFD44418248684EA0037CC73 /* ContentView.swift in Sources */ = {isa = PBXBuildFile; fileRef = EFD44417248684EA0037CC73 /* ContentView.swift */; };
/* End PBXBuildFile section */

/* Begin PBXContainerItemProxy section */
		EFD443F5248683710037CC73 /* PBXContainerItemProxy */ = {
			isa = PBXContainerItemProxy;
			containerPortal = EFD443C6248683290037CC73 /* Project object */;
			proxyType = 1;
			remoteGlobalIDString = EFD443F2248683710037CC73;
			remoteInfo = "WKARWatch Extension";
		};
		EFD44409248683720037CC73 /* PBXContainerItemProxy */ = {
			isa = PBXContainerItemProxy;
			containerPortal = EFD443C6248683290037CC73 /* Project object */;
			proxyType = 1;
			remoteGlobalIDString = EFD443E62486836F0037CC73;
			remoteInfo = WKARWatch;
		};
/* End PBXContainerItemProxy section */

/* Begin PBXCopyFilesBuildPhase section */
		EFD4440F248683720037CC73 /* Embed App Extensions */ = {
			isa = PBXCopyFilesBuildPhase;
			buildActionMask = 2147483647;
			dstPath = "";
			dstSubfolderSpec = 13;
			files = (
				EFD443F4248683710037CC73 /* WKARWatch Extension.appex in Embed App Extensions */,
			);
			name = "Embed App Extensions";
			runOnlyForDeploymentPostprocessing = 0;
		};
		EFD44413248683720037CC73 /* Embed Watch Content */ = {
			isa = PBXCopyFilesBuildPhase;
			buildActionMask = 2147483647;
			dstPath = "$(CONTENTS_FOLDER_PATH)/Watch";
			dstSubfolderSpec = 16;
			files = (
				EFD4440B248683720037CC73 /* WKARWatch.app in Embed Watch Content */,
			);
			name = "Embed Watch Content";
			runOnlyForDeploymentPostprocessing = 0;
		};
/* End PBXCopyFilesBuildPhase section */

/* Begin PBXFileReference section */
		EF2F3D7224869BFB005B74D0 /* ConnectivityHandler.swift */ = {isa = PBXFileReference; lastKnownFileType = sourcecode.swift; path = ConnectivityHandler.swift; sourceTree = "<group>"; };
		EFC8A2EF248695C000B934CA /* WKARWatch.entitlements */ = {isa = PBXFileReference; lastKnownFileType = text.plist.entitlements; path = WKARWatch.entitlements; sourceTree = "<group>"; };
		EFC8A2F0248695D000B934CA /* ARWatch.entitlements */ = {isa = PBXFileReference; lastKnownFileType = text.plist.entitlements; path = ARWatch.entitlements; sourceTree = "<group>"; };
		EFC8A2F1248695DA00B934CA /* WKARWatch Extension.entitlements */ = {isa = PBXFileReference; lastKnownFileType = text.plist.entitlements; path = "WKARWatch Extension.entitlements"; sourceTree = "<group>"; };
		EFD443CE248683290037CC73 /* ARWatch.app */ = {isa = PBXFileReference; explicitFileType = wrapper.application; includeInIndex = 0; path = ARWatch.app; sourceTree = BUILT_PRODUCTS_DIR; };
		EFD443D1248683290037CC73 /* AppDelegate.swift */ = {isa = PBXFileReference; lastKnownFileType = sourcecode.swift; path = AppDelegate.swift; sourceTree = "<group>"; };
		EFD443D3248683290037CC73 /* art.scnassets */ = {isa = PBXFileReference; lastKnownFileType = wrapper.scnassets; path = art.scnassets; sourceTree = "<group>"; };
		EFD443D5248683290037CC73 /* ViewController.swift */ = {isa = PBXFileReference; lastKnownFileType = sourcecode.swift; path = ViewController.swift; sourceTree = "<group>"; };
		EFD443D8248683290037CC73 /* Base */ = {isa = PBXFileReference; lastKnownFileType = file.storyboard; name = Base; path = Base.lproj/Main.storyboard; sourceTree = "<group>"; };
		EFD443DA2486832A0037CC73 /* Assets.xcassets */ = {isa = PBXFileReference; lastKnownFileType = folder.assetcatalog; path = Assets.xcassets; sourceTree = "<group>"; };
		EFD443DD2486832A0037CC73 /* Base */ = {isa = PBXFileReference; lastKnownFileType = file.storyboard; name = Base; path = Base.lproj/LaunchScreen.storyboard; sourceTree = "<group>"; };
		EFD443DF2486832A0037CC73 /* Info.plist */ = {isa = PBXFileReference; lastKnownFileType = text.plist.xml; path = Info.plist; sourceTree = "<group>"; };
		EFD443E72486836F0037CC73 /* WKARWatch.app */ = {isa = PBXFileReference; explicitFileType = wrapper.application; includeInIndex = 0; path = WKARWatch.app; sourceTree = BUILT_PRODUCTS_DIR; };
		EFD443EA2486836F0037CC73 /* Base */ = {isa = PBXFileReference; lastKnownFileType = file.storyboard; name = Base; path = Base.lproj/Interface.storyboard; sourceTree = "<group>"; };
		EFD443EC248683710037CC73 /* Assets.xcassets */ = {isa = PBXFileReference; lastKnownFileType = folder.assetcatalog; path = Assets.xcassets; sourceTree = "<group>"; };
		EFD443EE248683710037CC73 /* Info.plist */ = {isa = PBXFileReference; lastKnownFileType = text.plist.xml; path = Info.plist; sourceTree = "<group>"; };
		EFD443F3248683710037CC73 /* WKARWatch Extension.appex */ = {isa = PBXFileReference; explicitFileType = "wrapper.app-extension"; includeInIndex = 0; path = "WKARWatch Extension.appex"; sourceTree = BUILT_PRODUCTS_DIR; };
		EFD443F8248683710037CC73 /* ContentView.swift */ = {isa = PBXFileReference; lastKnownFileType = sourcecode.swift; path = ContentView.swift; sourceTree = "<group>"; };
		EFD443FA248683710037CC73 /* HostingController.swift */ = {isa = PBXFileReference; lastKnownFileType = sourcecode.swift; path = HostingController.swift; sourceTree = "<group>"; };
		EFD443FC248683710037CC73 /* ExtensionDelegate.swift */ = {isa = PBXFileReference; lastKnownFileType = sourcecode.swift; path = ExtensionDelegate.swift; sourceTree = "<group>"; };
		EFD443FE248683710037CC73 /* NotificationController.swift */ = {isa = PBXFileReference; lastKnownFileType = sourcecode.swift; path = NotificationController.swift; sourceTree = "<group>"; };
		EFD44400248683710037CC73 /* NotificationView.swift */ = {isa = PBXFileReference; lastKnownFileType = sourcecode.swift; path = NotificationView.swift; sourceTree = "<group>"; };
		EFD44402248683720037CC73 /* Assets.xcassets */ = {isa = PBXFileReference; lastKnownFileType = folder.assetcatalog; path = Assets.xcassets; sourceTree = "<group>"; };
		EFD44405248683720037CC73 /* Preview Assets.xcassets */ = {isa = PBXFileReference; lastKnownFileType = folder.assetcatalog; path = "Preview Assets.xcassets"; sourceTree = "<group>"; };
		EFD44407248683720037CC73 /* Info.plist */ = {isa = PBXFileReference; lastKnownFileType = text.plist.xml; path = Info.plist; sourceTree = "<group>"; };
		EFD44408248683720037CC73 /* PushNotificationPayload.apns */ = {isa = PBXFileReference; lastKnownFileType = text; path = PushNotificationPayload.apns; sourceTree = "<group>"; };
		EFD44414248684AE0037CC73 /* SceneDelegate.swift */ = {isa = PBXFileReference; lastKnownFileType = sourcecode.swift; path = SceneDelegate.swift; sourceTree = "<group>"; };
		EFD44417248684EA0037CC73 /* ContentView.swift */ = {isa = PBXFileReference; lastKnownFileType = sourcecode.swift; path = ContentView.swift; sourceTree = "<group>"; };
/* End PBXFileReference section */

/* Begin PBXFrameworksBuildPhase section */
		EFD443CB248683290037CC73 /* Frameworks */ = {
			isa = PBXFrameworksBuildPhase;
			buildActionMask = 2147483647;
			files = (
			);
			runOnlyForDeploymentPostprocessing = 0;
		};
		EFD443F0248683710037CC73 /* Frameworks */ = {
			isa = PBXFrameworksBuildPhase;
			buildActionMask = 2147483647;
			files = (
			);
			runOnlyForDeploymentPostprocessing = 0;
		};
/* End PBXFrameworksBuildPhase section */

/* Begin PBXGroup section */
		EFD443C5248683290037CC73 = {
			isa = PBXGroup;
			children = (
				EFD443D0248683290037CC73 /* ARWatch */,
				EFD443E82486836F0037CC73 /* WKARWatch */,
				EFD443F7248683710037CC73 /* WKARWatch Extension */,
				EFD443CF248683290037CC73 /* Products */,
			);
			sourceTree = "<group>";
		};
		EFD443CF248683290037CC73 /* Products */ = {
			isa = PBXGroup;
			children = (
				EFD443CE248683290037CC73 /* ARWatch.app */,
				EFD443E72486836F0037CC73 /* WKARWatch.app */,
				EFD443F3248683710037CC73 /* WKARWatch Extension.appex */,
			);
			name = Products;
			sourceTree = "<group>";
		};
		EFD443D0248683290037CC73 /* ARWatch */ = {
			isa = PBXGroup;
			children = (
				EFC8A2F0248695D000B934CA /* ARWatch.entitlements */,
				EFD44416248684DA0037CC73 /* Views */,
				EFD443D1248683290037CC73 /* AppDelegate.swift */,
				EFD44414248684AE0037CC73 /* SceneDelegate.swift */,
				EFD443D3248683290037CC73 /* art.scnassets */,
				EFD443D5248683290037CC73 /* ViewController.swift */,
				EFD443D7248683290037CC73 /* Main.storyboard */,
				EFD443DA2486832A0037CC73 /* Assets.xcassets */,
				EFD443DC2486832A0037CC73 /* LaunchScreen.storyboard */,
				EFD443DF2486832A0037CC73 /* Info.plist */,
				EF2F3D7224869BFB005B74D0 /* ConnectivityHandler.swift */,
			);
			path = ARWatch;
			sourceTree = "<group>";
		};
		EFD443E82486836F0037CC73 /* WKARWatch */ = {
			isa = PBXGroup;
			children = (
				EFC8A2EF248695C000B934CA /* WKARWatch.entitlements */,
				EFD443E92486836F0037CC73 /* Interface.storyboard */,
				EFD443EC248683710037CC73 /* Assets.xcassets */,
				EFD443EE248683710037CC73 /* Info.plist */,
			);
			path = WKARWatch;
			sourceTree = "<group>";
		};
		EFD443F7248683710037CC73 /* WKARWatch Extension */ = {
			isa = PBXGroup;
			children = (
				EFC8A2F1248695DA00B934CA /* WKARWatch Extension.entitlements */,
				EFD443F8248683710037CC73 /* ContentView.swift */,
				EFD443FA248683710037CC73 /* HostingController.swift */,
				EFD443FC248683710037CC73 /* ExtensionDelegate.swift */,
				EFD443FE248683710037CC73 /* NotificationController.swift */,
				EFD44400248683710037CC73 /* NotificationView.swift */,
				EFD44402248683720037CC73 /* Assets.xcassets */,
				EFD44407248683720037CC73 /* Info.plist */,
				EFD44408248683720037CC73 /* PushNotificationPayload.apns */,
				EFD44404248683720037CC73 /* Preview Content */,
			);
			path = "WKARWatch Extension";
			sourceTree = "<group>";
		};
		EFD44404248683720037CC73 /* Preview Content */ = {
			isa = PBXGroup;
			children = (
				EFD44405248683720037CC73 /* Preview Assets.xcassets */,
			);
			path = "Preview Content";
			sourceTree = "<group>";
		};
		EFD44416248684DA0037CC73 /* Views */ = {
			isa = PBXGroup;
			children = (
				EFD44417248684EA0037CC73 /* ContentView.swift */,
			);
			path = Views;
			sourceTree = "<group>";
		};
/* End PBXGroup section */

/* Begin PBXNativeTarget section */
		EFD443CD248683290037CC73 /* ARWatch */ = {
			isa = PBXNativeTarget;
			buildConfigurationList = EFD443E22486832A0037CC73 /* Build configuration list for PBXNativeTarget "ARWatch" */;
			buildPhases = (
				EFD443CA248683290037CC73 /* Sources */,
				EFD443CB248683290037CC73 /* Frameworks */,
				EFD443CC248683290037CC73 /* Resources */,
				EFD44413248683720037CC73 /* Embed Watch Content */,
			);
			buildRules = (
			);
			dependencies = (
				EFD4440A248683720037CC73 /* PBXTargetDependency */,
			);
			name = ARWatch;
			productName = ARWatch;
			productReference = EFD443CE248683290037CC73 /* ARWatch.app */;
			productType = "com.apple.product-type.application";
		};
		EFD443E62486836F0037CC73 /* WKARWatch */ = {
			isa = PBXNativeTarget;
			buildConfigurationList = EFD44410248683720037CC73 /* Build configuration list for PBXNativeTarget "WKARWatch" */;
			buildPhases = (
				EFD443E52486836F0037CC73 /* Resources */,
				EFD4440F248683720037CC73 /* Embed App Extensions */,
			);
			buildRules = (
			);
			dependencies = (
				EFD443F6248683710037CC73 /* PBXTargetDependency */,
			);
			name = WKARWatch;
			productName = WKARWatch;
			productReference = EFD443E72486836F0037CC73 /* WKARWatch.app */;
			productType = "com.apple.product-type.application.watchapp2";
		};
		EFD443F2248683710037CC73 /* WKARWatch Extension */ = {
			isa = PBXNativeTarget;
			buildConfigurationList = EFD4440C248683720037CC73 /* Build configuration list for PBXNativeTarget "WKARWatch Extension" */;
			buildPhases = (
				EFD443EF248683710037CC73 /* Sources */,
				EFD443F0248683710037CC73 /* Frameworks */,
				EFD443F1248683710037CC73 /* Resources */,
			);
			buildRules = (
			);
			dependencies = (
			);
			name = "WKARWatch Extension";
			productName = "WKARWatch Extension";
			productReference = EFD443F3248683710037CC73 /* WKARWatch Extension.appex */;
			productType = "com.apple.product-type.watchkit2-extension";
		};
/* End PBXNativeTarget section */

/* Begin PBXProject section */
		EFD443C6248683290037CC73 /* Project object */ = {
			isa = PBXProject;
			attributes = {
				LastSwiftUpdateCheck = 1150;
				LastUpgradeCheck = 1150;
				ORGANIZATIONNAME = "Hannes Steiner";
				TargetAttributes = {
					EFD443CD248683290037CC73 = {
						CreatedOnToolsVersion = 11.5;
					};
					EFD443E62486836F0037CC73 = {
						CreatedOnToolsVersion = 11.5;
					};
					EFD443F2248683710037CC73 = {
						CreatedOnToolsVersion = 11.5;
					};
				};
			};
			buildConfigurationList = EFD443C9248683290037CC73 /* Build configuration list for PBXProject "ARWatch" */;
			compatibilityVersion = "Xcode 9.3";
			developmentRegion = en;
			hasScannedForEncodings = 0;
			knownRegions = (
				en,
				Base,
			);
			mainGroup = EFD443C5248683290037CC73;
			productRefGroup = EFD443CF248683290037CC73 /* Products */;
			projectDirPath = "";
			projectRoot = "";
			targets = (
				EFD443CD248683290037CC73 /* ARWatch */,
				EFD443E62486836F0037CC73 /* WKARWatch */,
				EFD443F2248683710037CC73 /* WKARWatch Extension */,
			);
		};
/* End PBXProject section */

/* Begin PBXResourcesBuildPhase section */
		EFD443CC248683290037CC73 /* Resources */ = {
			isa = PBXResourcesBuildPhase;
			buildActionMask = 2147483647;
			files = (
				EFD443D4248683290037CC73 /* art.scnassets in Resources */,
				EFD443DE2486832A0037CC73 /* LaunchScreen.storyboard in Resources */,
				EFD443DB2486832A0037CC73 /* Assets.xcassets in Resources */,
				EFD443D9248683290037CC73 /* Main.storyboard in Resources */,
			);
			runOnlyForDeploymentPostprocessing = 0;
		};
		EFD443E52486836F0037CC73 /* Resources */ = {
			isa = PBXResourcesBuildPhase;
			buildActionMask = 2147483647;
			files = (
				EFD443ED248683710037CC73 /* Assets.xcassets in Resources */,
				EFD443EB2486836F0037CC73 /* Interface.storyboard in Resources */,
			);
			runOnlyForDeploymentPostprocessing = 0;
		};
		EFD443F1248683710037CC73 /* Resources */ = {
			isa = PBXResourcesBuildPhase;
			buildActionMask = 2147483647;
			files = (
				EFD44406248683720037CC73 /* Preview Assets.xcassets in Resources */,
				EFD44403248683720037CC73 /* Assets.xcassets in Resources */,
			);
			runOnlyForDeploymentPostprocessing = 0;
		};
/* End PBXResourcesBuildPhase section */

/* Begin PBXSourcesBuildPhase section */
		EFD443CA248683290037CC73 /* Sources */ = {
			isa = PBXSourcesBuildPhase;
			buildActionMask = 2147483647;
			files = (
				EFD443D6248683290037CC73 /* ViewController.swift in Sources */,
				EFD443D2248683290037CC73 /* AppDelegate.swift in Sources */,
				EFD44418248684EA0037CC73 /* ContentView.swift in Sources */,
				EF2F3D7324869BFB005B74D0 /* ConnectivityHandler.swift in Sources */,
				EFD44415248684AE0037CC73 /* SceneDelegate.swift in Sources */,
			);
			runOnlyForDeploymentPostprocessing = 0;
		};
		EFD443EF248683710037CC73 /* Sources */ = {
			isa = PBXSourcesBuildPhase;
			buildActionMask = 2147483647;
			files = (
				EFD443FB248683710037CC73 /* HostingController.swift in Sources */,
				EFD443F9248683710037CC73 /* ContentView.swift in Sources */,
				EFD443FF248683710037CC73 /* NotificationController.swift in Sources */,
				EFD443FD248683710037CC73 /* ExtensionDelegate.swift in Sources */,
				EFD44401248683710037CC73 /* NotificationView.swift in Sources */,
			);
			runOnlyForDeploymentPostprocessing = 0;
		};
/* End PBXSourcesBuildPhase section */

/* Begin PBXTargetDependency section */
		EFD443F6248683710037CC73 /* PBXTargetDependency */ = {
			isa = PBXTargetDependency;
			target = EFD443F2248683710037CC73 /* WKARWatch Extension */;
			targetProxy = EFD443F5248683710037CC73 /* PBXContainerItemProxy */;
		};
		EFD4440A248683720037CC73 /* PBXTargetDependency */ = {
			isa = PBXTargetDependency;
			target = EFD443E62486836F0037CC73 /* WKARWatch */;
			targetProxy = EFD44409248683720037CC73 /* PBXContainerItemProxy */;
		};
/* End PBXTargetDependency section */

/* Begin PBXVariantGroup section */
		EFD443D7248683290037CC73 /* Main.storyboard */ = {
			isa = PBXVariantGroup;
			children = (
				EFD443D8248683290037CC73 /* Base */,
			);
			name = Main.storyboard;
			sourceTree = "<group>";
		};
		EFD443DC2486832A0037CC73 /* LaunchScreen.storyboard */ = {
			isa = PBXVariantGroup;
			children = (
				EFD443DD2486832A0037CC73 /* Base */,
			);
			name = LaunchScreen.storyboard;
			sourceTree = "<group>";
		};
		EFD443E92486836F0037CC73 /* Interface.storyboard */ = {
			isa = PBXVariantGroup;
			children = (
				EFD443EA2486836F0037CC73 /* Base */,
			);
			name = Interface.storyboard;
			sourceTree = "<group>";
		};
/* End PBXVariantGroup section */

/* Begin XCBuildConfiguration section */
		EFD443E02486832A0037CC73 /* Debug */ = {
			isa = XCBuildConfiguration;
			buildSettings = {
				ALWAYS_SEARCH_USER_PATHS = NO;
				CLANG_ANALYZER_NONNULL = YES;
				CLANG_ANALYZER_NUMBER_OBJECT_CONVERSION = YES_AGGRESSIVE;
				CLANG_CXX_LANGUAGE_STANDARD = "gnu++14";
				CLANG_CXX_LIBRARY = "libc++";
				CLANG_ENABLE_MODULES = YES;
				CLANG_ENABLE_OBJC_ARC = YES;
				CLANG_ENABLE_OBJC_WEAK = YES;
				CLANG_WARN_BLOCK_CAPTURE_AUTORELEASING = YES;
				CLANG_WARN_BOOL_CONVERSION = YES;
				CLANG_WARN_COMMA = YES;
				CLANG_WARN_CONSTANT_CONVERSION = YES;
				CLANG_WARN_DEPRECATED_OBJC_IMPLEMENTATIONS = YES;
				CLANG_WARN_DIRECT_OBJC_ISA_USAGE = YES_ERROR;
				CLANG_WARN_DOCUMENTATION_COMMENTS = YES;
				CLANG_WARN_EMPTY_BODY = YES;
				CLANG_WARN_ENUM_CONVERSION = YES;
				CLANG_WARN_INFINITE_RECURSION = YES;
				CLANG_WARN_INT_CONVERSION = YES;
				CLANG_WARN_NON_LITERAL_NULL_CONVERSION = YES;
				CLANG_WARN_OBJC_IMPLICIT_RETAIN_SELF = YES;
				CLANG_WARN_OBJC_LITERAL_CONVERSION = YES;
				CLANG_WARN_OBJC_ROOT_CLASS = YES_ERROR;
				CLANG_WARN_RANGE_LOOP_ANALYSIS = YES;
				CLANG_WARN_STRICT_PROTOTYPES = YES;
				CLANG_WARN_SUSPICIOUS_MOVE = YES;
				CLANG_WARN_UNGUARDED_AVAILABILITY = YES_AGGRESSIVE;
				CLANG_WARN_UNREACHABLE_CODE = YES;
				CLANG_WARN__DUPLICATE_METHOD_MATCH = YES;
				COPY_PHASE_STRIP = NO;
				DEBUG_INFORMATION_FORMAT = dwarf;
				ENABLE_STRICT_OBJC_MSGSEND = YES;
				ENABLE_TESTABILITY = YES;
				GCC_C_LANGUAGE_STANDARD = gnu11;
				GCC_DYNAMIC_NO_PIC = NO;
				GCC_NO_COMMON_BLOCKS = YES;
				GCC_OPTIMIZATION_LEVEL = 0;
				GCC_PREPROCESSOR_DEFINITIONS = (
					"DEBUG=1",
					"$(inherited)",
				);
				GCC_WARN_64_TO_32_BIT_CONVERSION = YES;
				GCC_WARN_ABOUT_RETURN_TYPE = YES_ERROR;
				GCC_WARN_UNDECLARED_SELECTOR = YES;
				GCC_WARN_UNINITIALIZED_AUTOS = YES_AGGRESSIVE;
				GCC_WARN_UNUSED_FUNCTION = YES;
				GCC_WARN_UNUSED_VARIABLE = YES;
				IPHONEOS_DEPLOYMENT_TARGET = 13.0;
				MTL_ENABLE_DEBUG_INFO = INCLUDE_SOURCE;
				MTL_FAST_MATH = YES;
				ONLY_ACTIVE_ARCH = YES;
				SDKROOT = iphoneos;
				SWIFT_ACTIVE_COMPILATION_CONDITIONS = DEBUG;
				SWIFT_OPTIMIZATION_LEVEL = "-Onone";
			};
			name = Debug;
		};
		EFD443E12486832A0037CC73 /* Release */ = {
			isa = XCBuildConfiguration;
			buildSettings = {
				ALWAYS_SEARCH_USER_PATHS = NO;
				CLANG_ANALYZER_NONNULL = YES;
				CLANG_ANALYZER_NUMBER_OBJECT_CONVERSION = YES_AGGRESSIVE;
				CLANG_CXX_LANGUAGE_STANDARD = "gnu++14";
				CLANG_CXX_LIBRARY = "libc++";
				CLANG_ENABLE_MODULES = YES;
				CLANG_ENABLE_OBJC_ARC = YES;
				CLANG_ENABLE_OBJC_WEAK = YES;
				CLANG_WARN_BLOCK_CAPTURE_AUTORELEASING = YES;
				CLANG_WARN_BOOL_CONVERSION = YES;
				CLANG_WARN_COMMA = YES;
				CLANG_WARN_CONSTANT_CONVERSION = YES;
				CLANG_WARN_DEPRECATED_OBJC_IMPLEMENTATIONS = YES;
				CLANG_WARN_DIRECT_OBJC_ISA_USAGE = YES_ERROR;
				CLANG_WARN_DOCUMENTATION_COMMENTS = YES;
				CLANG_WARN_EMPTY_BODY = YES;
				CLANG_WARN_ENUM_CONVERSION = YES;
				CLANG_WARN_INFINITE_RECURSION = YES;
				CLANG_WARN_INT_CONVERSION = YES;
				CLANG_WARN_NON_LITERAL_NULL_CONVERSION = YES;
				CLANG_WARN_OBJC_IMPLICIT_RETAIN_SELF = YES;
				CLANG_WARN_OBJC_LITERAL_CONVERSION = YES;
				CLANG_WARN_OBJC_ROOT_CLASS = YES_ERROR;
				CLANG_WARN_RANGE_LOOP_ANALYSIS = YES;
				CLANG_WARN_STRICT_PROTOTYPES = YES;
				CLANG_WARN_SUSPICIOUS_MOVE = YES;
				CLANG_WARN_UNGUARDED_AVAILABILITY = YES_AGGRESSIVE;
				CLANG_WARN_UNREACHABLE_CODE = YES;
				CLANG_WARN__DUPLICATE_METHOD_MATCH = YES;
				COPY_PHASE_STRIP = NO;
				DEBUG_INFORMATION_FORMAT = "dwarf-with-dsym";
				ENABLE_NS_ASSERTIONS = NO;
				ENABLE_STRICT_OBJC_MSGSEND = YES;
				GCC_C_LANGUAGE_STANDARD = gnu11;
				GCC_NO_COMMON_BLOCKS = YES;
				GCC_WARN_64_TO_32_BIT_CONVERSION = YES;
				GCC_WARN_ABOUT_RETURN_TYPE = YES_ERROR;
				GCC_WARN_UNDECLARED_SELECTOR = YES;
				GCC_WARN_UNINITIALIZED_AUTOS = YES_AGGRESSIVE;
				GCC_WARN_UNUSED_FUNCTION = YES;
				GCC_WARN_UNUSED_VARIABLE = YES;
				IPHONEOS_DEPLOYMENT_TARGET = 13.0;
				MTL_ENABLE_DEBUG_INFO = NO;
				MTL_FAST_MATH = YES;
				SDKROOT = iphoneos;
				SWIFT_COMPILATION_MODE = wholemodule;
				SWIFT_OPTIMIZATION_LEVEL = "-O";
				VALIDATE_PRODUCT = YES;
			};
			name = Release;
		};
		EFD443E32486832A0037CC73 /* Debug */ = {
			isa = XCBuildConfiguration;
			buildSettings = {
				ASSETCATALOG_COMPILER_APPICON_NAME = AppIcon;
				CODE_SIGN_ENTITLEMENTS = ARWatch/ARWatch.entitlements;
				CODE_SIGN_STYLE = Automatic;
				DEVELOPMENT_ASSET_PATHS = "";
				DEVELOPMENT_TEAM = 3M6T8T58SL;
				INFOPLIST_FILE = ARWatch/Info.plist;
				LD_RUNPATH_SEARCH_PATHS = (
					"$(inherited)",
					"@executable_path/Frameworks",
				);
				PRODUCT_BUNDLE_IDENTIFIER = com.hannessteiner.ARWatch;
				PRODUCT_NAME = "$(TARGET_NAME)";
				SWIFT_VERSION = 5.0;
				TARGETED_DEVICE_FAMILY = 1;
			};
			name = Debug;
		};
		EFD443E42486832A0037CC73 /* Release */ = {
			isa = XCBuildConfiguration;
			buildSettings = {
				ASSETCATALOG_COMPILER_APPICON_NAME = AppIcon;
				CODE_SIGN_ENTITLEMENTS = ARWatch/ARWatch.entitlements;
				CODE_SIGN_STYLE = Automatic;
				DEVELOPMENT_ASSET_PATHS = "";
				DEVELOPMENT_TEAM = 3M6T8T58SL;
				INFOPLIST_FILE = ARWatch/Info.plist;
				LD_RUNPATH_SEARCH_PATHS = (
					"$(inherited)",
					"@executable_path/Frameworks",
				);
				PRODUCT_BUNDLE_IDENTIFIER = com.hannessteiner.ARWatch;
				PRODUCT_NAME = "$(TARGET_NAME)";
				SWIFT_VERSION = 5.0;
				TARGETED_DEVICE_FAMILY = 1;
			};
			name = Release;
		};
		EFD4440D248683720037CC73 /* Debug */ = {
			isa = XCBuildConfiguration;
			buildSettings = {
				ASSETCATALOG_COMPILER_COMPLICATION_NAME = Complication;
				CODE_SIGN_ENTITLEMENTS = "WKARWatch Extension/WKARWatch Extension.entitlements";
				CODE_SIGN_STYLE = Automatic;
				DEVELOPMENT_ASSET_PATHS = "\"WKARWatch Extension/Preview Content\"";
				DEVELOPMENT_TEAM = 3M6T8T58SL;
				ENABLE_PREVIEWS = YES;
				INFOPLIST_FILE = "WKARWatch Extension/Info.plist";
				LD_RUNPATH_SEARCH_PATHS = (
					"$(inherited)",
					"@executable_path/Frameworks",
					"@executable_path/../../Frameworks",
				);
				PRODUCT_BUNDLE_IDENTIFIER = com.hannessteiner.ARWatch.watchkitapp.watchkitextension;
				PRODUCT_NAME = "${TARGET_NAME}";
				SDKROOT = watchos;
				SKIP_INSTALL = YES;
				SWIFT_VERSION = 5.0;
				TARGETED_DEVICE_FAMILY = 4;
				WATCHOS_DEPLOYMENT_TARGET = 6.0;
			};
			name = Debug;
		};
		EFD4440E248683720037CC73 /* Release */ = {
			isa = XCBuildConfiguration;
			buildSettings = {
				ASSETCATALOG_COMPILER_COMPLICATION_NAME = Complication;
				CODE_SIGN_ENTITLEMENTS = "WKARWatch Extension/WKARWatch Extension.entitlements";
				CODE_SIGN_STYLE = Automatic;
				DEVELOPMENT_ASSET_PATHS = "\"WKARWatch Extension/Preview Content\"";
				DEVELOPMENT_TEAM = 3M6T8T58SL;
				ENABLE_PREVIEWS = YES;
				INFOPLIST_FILE = "WKARWatch Extension/Info.plist";
				LD_RUNPATH_SEARCH_PATHS = (
					"$(inherited)",
					"@executable_path/Frameworks",
					"@executable_path/../../Frameworks",
				);
				PRODUCT_BUNDLE_IDENTIFIER = com.hannessteiner.ARWatch.watchkitapp.watchkitextension;
				PRODUCT_NAME = "${TARGET_NAME}";
				SDKROOT = watchos;
				SKIP_INSTALL = YES;
				SWIFT_VERSION = 5.0;
				TARGETED_DEVICE_FAMILY = 4;
				WATCHOS_DEPLOYMENT_TARGET = 6.0;
			};
			name = Release;
		};
		EFD44411248683720037CC73 /* Debug */ = {
			isa = XCBuildConfiguration;
			buildSettings = {
				ALWAYS_EMBED_SWIFT_STANDARD_LIBRARIES = YES;
				ASSETCATALOG_COMPILER_APPICON_NAME = AppIcon;
				CODE_SIGN_ENTITLEMENTS = WKARWatch/WKARWatch.entitlements;
				CODE_SIGN_STYLE = Automatic;
				DEVELOPMENT_TEAM = 3M6T8T58SL;
				IBSC_MODULE = WKARWatch_Extension;
				INFOPLIST_FILE = WKARWatch/Info.plist;
				PRODUCT_BUNDLE_IDENTIFIER = com.hannessteiner.ARWatch.watchkitapp;
				PRODUCT_NAME = "$(TARGET_NAME)";
				SDKROOT = watchos;
				SKIP_INSTALL = YES;
				SWIFT_VERSION = 5.0;
				TARGETED_DEVICE_FAMILY = 4;
				WATCHOS_DEPLOYMENT_TARGET = 6.0;
			};
			name = Debug;
		};
		EFD44412248683720037CC73 /* Release */ = {
			isa = XCBuildConfiguration;
			buildSettings = {
				ALWAYS_EMBED_SWIFT_STANDARD_LIBRARIES = YES;
				ASSETCATALOG_COMPILER_APPICON_NAME = AppIcon;
				CODE_SIGN_ENTITLEMENTS = WKARWatch/WKARWatch.entitlements;
				CODE_SIGN_STYLE = Automatic;
				DEVELOPMENT_TEAM = 3M6T8T58SL;
				IBSC_MODULE = WKARWatch_Extension;
				INFOPLIST_FILE = WKARWatch/Info.plist;
				PRODUCT_BUNDLE_IDENTIFIER = com.hannessteiner.ARWatch.watchkitapp;
				PRODUCT_NAME = "$(TARGET_NAME)";
				SDKROOT = watchos;
				SKIP_INSTALL = YES;
				SWIFT_VERSION = 5.0;
				TARGETED_DEVICE_FAMILY = 4;
				WATCHOS_DEPLOYMENT_TARGET = 6.0;
			};
			name = Release;
		};
/* End XCBuildConfiguration section */

/* Begin XCConfigurationList section */
		EFD443C9248683290037CC73 /* Build configuration list for PBXProject "ARWatch" */ = {
			isa = XCConfigurationList;
			buildConfigurations = (
				EFD443E02486832A0037CC73 /* Debug */,
				EFD443E12486832A0037CC73 /* Release */,
			);
			defaultConfigurationIsVisible = 0;
			defaultConfigurationName = Release;
		};
		EFD443E22486832A0037CC73 /* Build configuration list for PBXNativeTarget "ARWatch" */ = {
			isa = XCConfigurationList;
			buildConfigurations = (
				EFD443E32486832A0037CC73 /* Debug */,
				EFD443E42486832A0037CC73 /* Release */,
			);
			defaultConfigurationIsVisible = 0;
			defaultConfigurationName = Release;
		};
		EFD4440C248683720037CC73 /* Build configuration list for PBXNativeTarget "WKARWatch Extension" */ = {
			isa = XCConfigurationList;
			buildConfigurations = (
				EFD4440D248683720037CC73 /* Debug */,
				EFD4440E248683720037CC73 /* Release */,
			);
			defaultConfigurationIsVisible = 0;
			defaultConfigurationName = Release;
		};
		EFD44410248683720037CC73 /* Build configuration list for PBXNativeTarget "WKARWatch" */ = {
			isa = XCConfigurationList;
			buildConfigurations = (
				EFD44411248683720037CC73 /* Debug */,
				EFD44412248683720037CC73 /* Release */,
			);
			defaultConfigurationIsVisible = 0;
			defaultConfigurationName = Release;
		};
/* End XCConfigurationList section */
	};
	rootObject = EFD443C6248683290037CC73 /* Project object */;
}
